{
  "name": "taller2-curso-frontend",
  "version": "1.0.0",
  "lockfileVersion": 3,
  "requires": true,
  "packages": {
    "": {
      "name": "taller2-curso-frontend",
      "version": "1.0.0",
      "license": "ISC",
      "dependencies": {
        "typescript": "^5.0.4",
        "typescritp": "^1.0.0"
      }
    },
    "node_modules/typescript": {
      "version": "5.0.4",
      "resolved": "https://registry.npmjs.org/typescript/-/typescript-5.0.4.tgz",
      "integrity": "sha512-cW9T5W9xY37cc+jfEnaUvX91foxtHkza3Nw3wkoF4sSlKn0MONdkdEndig/qPBWXNkmplh3NzayQzCiHM4/hqw==",
      "bin": {
        "tsc": "bin/tsc",
        "tsserver": "bin/tsserver"
      },
      "engines": {
        "node": ">=12.20"
      }
    },
    "node_modules/typescritp": {
      "version": "1.0.0",
      "resolved": "https://registry.npmjs.org/typescritp/-/typescritp-1.0.0.tgz",
      "integrity": "sha512-88hSOM0JRNE+lY8LQvwebA6WCf54+FoDUQuNCuoBvHxu+tj76LteTUymKzwuS6VVAuBLfI5xcZyv88sj4yxDaw=="
    }
  }
}
